
Microsoft Visual Studio Solution File, Format Version 12.00
# Visual Studio Version 16
VisualStudioVersion = 16.0.29728.190
MinimumVisualStudioVersion = 10.0.40219.1
Project("{FAE04EC0-301F-11D3-BF4B-00C04F79EFBC}") = "DnDTools", "DnDTools\DnDTools.csproj", "{A0D0EACF-4F67-407D-953D-3379FDB30664}"
EndProject
Project("{FAE04EC0-301F-11D3-BF4B-00C04F79EFBC}") = "Test", "Test\Test.csproj", "{6AADA4FB-AE00-41A1-A9C1-B466B6166EDE}"
	ProjectSection(ProjectDependencies) = postProject
		{A0D0EACF-4F67-407D-953D-3379FDB30664} = {A0D0EACF-4F67-407D-953D-3379FDB30664}
	EndProjectSection
EndProject
Global
	GlobalSection(SolutionConfigurationPlatforms) = preSolution
		Debug|Any CPU = Debug|Any CPU
		Release|Any CPU = Release|Any CPU
	EndGlobalSection
	GlobalSection(ProjectConfigurationPlatforms) = postSolution
		{A0D0EACF-4F67-407D-953D-3379FDB30664}.Debug|Any CPU.ActiveCfg = Debug|Any CPU
		{A0D0EACF-4F67-407D-953D-3379FDB30664}.Debug|Any CPU.Build.0 = Debug|Any CPU
		{A0D0EACF-4F67-407D-953D-3379FDB30664}.Release|Any CPU.ActiveCfg = Release|Any CPU
		{A0D0EACF-4F67-407D-953D-3379FDB30664}.Release|Any CPU.Build.0 = Release|Any CPU
		{6AADA4FB-AE00-41A1-A9C1-B466B6166EDE}.Debug|Any CPU.ActiveCfg = Debug|Any CPU
		{6AADA4FB-AE00-41A1-A9C1-B466B6166EDE}.Debug|Any CPU.Build.0 = Debug|Any CPU
		{6AADA4FB-AE00-41A1-A9C1-B466B6166EDE}.Release|Any CPU.ActiveCfg = Release|Any CPU
		{6AADA4FB-AE00-41A1-A9C1-B466B6166EDE}.Release|Any CPU.Build.0 = Release|Any CPU
	EndGlobalSection
	GlobalSection(SolutionProperties) = preSolution
		HideSolutionNode = FALSE
	EndGlobalSection
	GlobalSection(ExtensibilityGlobals) = postSolution
		SolutionGuid = {5FD4324E-16E3-42B8-89E6-1AA150BB7E2C}
	EndGlobalSection
EndGlobal
